// !$*UTF8*$!
{
	archiveVersion = 1;
	classes = {
	};
	objectVersion = 46;
	objects = {

/* Begin PBXBuildFile section */
		E0B9FF371EE26F1100DF5871 /* ETRTableViewFakeDelegate.m in Sources */ = {isa = PBXBuildFile; fileRef = E0B9FF361EE26F1100DF5871 /* ETRTableViewFakeDelegate.m */; };
		E0C92F381EE076BF004D7280 /* main.m in Sources */ = {isa = PBXBuildFile; fileRef = E0C92F371EE076BF004D7280 /* main.m */; };
		E0C92F3B1EE076BF004D7280 /* AppDelegate.m in Sources */ = {isa = PBXBuildFile; fileRef = E0C92F3A1EE076BF004D7280 /* AppDelegate.m */; };
		E0C92F3E1EE076BF004D7280 /* ViewController.m in Sources */ = {isa = PBXBuildFile; fileRef = E0C92F3D1EE076BF004D7280 /* ViewController.m */; };
		E0C92F411EE076BF004D7280 /* Main.storyboard in Resources */ = {isa = PBXBuildFile; fileRef = E0C92F3F1EE076BF004D7280 /* Main.storyboard */; };
		E0C92F431EE076BF004D7280 /* Assets.xcassets in Resources */ = {isa = PBXBuildFile; fileRef = E0C92F421EE076BF004D7280 /* Assets.xcassets */; };
		E0C92F461EE076BF004D7280 /* LaunchScreen.storyboard in Resources */ = {isa = PBXBuildFile; fileRef = E0C92F441EE076BF004D7280 /* LaunchScreen.storyboard */; };
		E0C92F4F1EE07957004D7280 /* DemoTableViewController.m in Sources */ = {isa = PBXBuildFile; fileRef = E0C92F4E1EE07957004D7280 /* DemoTableViewController.m */; };
		E0C92F531EE07BB4004D7280 /* ETRTableViewTracker.m in Sources */ = {isa = PBXBuildFile; fileRef = E0C92F521EE07BB4004D7280 /* ETRTableViewTracker.m */; };
		E0C92F591EE082EB004D7280 /* UITableView+ETRTracker.m in Sources */ = {isa = PBXBuildFile; fileRef = E0C92F581EE082EB004D7280 /* UITableView+ETRTracker.m */; };
/* End PBXBuildFile section */

/* Begin PBXFileReference section */
		E0B9FF351EE26F1100DF5871 /* ETRTableViewFakeDelegate.h */ = {isa = PBXFileReference; fileEncoding = 4; lastKnownFileType = sourcecode.c.h; path = ETRTableViewFakeDelegate.h; sourceTree = SOURCE_ROOT; };
		E0B9FF361EE26F1100DF5871 /* ETRTableViewFakeDelegate.m */ = {isa = PBXFileReference; fileEncoding = 4; lastKnownFileType = sourcecode.c.objc; path = ETRTableViewFakeDelegate.m; sourceTree = SOURCE_ROOT; };
		E0C92F331EE076BF004D7280 /* EventTracker.app */ = {isa = PBXFileReference; explicitFileType = wrapper.application; includeInIndex = 0; path = EventTracker.app; sourceTree = BUILT_PRODUCTS_DIR; };
		E0C92F371EE076BF004D7280 /* main.m */ = {isa = PBXFileReference; lastKnownFileType = sourcecode.c.objc; path = main.m; sourceTree = "<group>"; };
		E0C92F391EE076BF004D7280 /* AppDelegate.h */ = {isa = PBXFileReference; lastKnownFileType = sourcecode.c.h; path = AppDelegate.h; sourceTree = "<group>"; };
		E0C92F3A1EE076BF004D7280 /* AppDelegate.m */ = {isa = PBXFileReference; lastKnownFileType = sourcecode.c.objc; path = AppDelegate.m; sourceTree = "<group>"; };
		E0C92F3C1EE076BF004D7280 /* ViewController.h */ = {isa = PBXFileReference; lastKnownFileType = sourcecode.c.h; path = ViewController.h; sourceTree = "<group>"; };
		E0C92F3D1EE076BF004D7280 /* ViewController.m */ = {isa = PBXFileReference; lastKnownFileType = sourcecode.c.objc; name = ViewController.m; path = EventTracker/ViewController.m; sourceTree = "<group>"; };
		E0C92F401EE076BF004D7280 /* Base */ = {isa = PBXFileReference; lastKnownFileType = file.storyboard; name = Base; path = Base.lproj/Main.storyboard; sourceTree = "<group>"; };
		E0C92F421EE076BF004D7280 /* Assets.xcassets */ = {isa = PBXFileReference; lastKnownFileType = folder.assetcatalog; path = Assets.xcassets; sourceTree = "<group>"; };
		E0C92F451EE076BF004D7280 /* Base */ = {isa = PBXFileReference; lastKnownFileType = file.storyboard; name = Base; path = Base.lproj/LaunchScreen.storyboard; sourceTree = "<group>"; };
		E0C92F471EE076BF004D7280 /* Info.plist */ = {isa = PBXFileReference; lastKnownFileType = text.plist.xml; path = Info.plist; sourceTree = "<group>"; };
		E0C92F4D1EE07957004D7280 /* DemoTableViewController.h */ = {isa = PBXFileReference; fileEncoding = 4; lastKnownFileType = sourcecode.c.h; path = DemoTableViewController.h; sourceTree = "<group>"; };
		E0C92F4E1EE07957004D7280 /* DemoTableViewController.m */ = {isa = PBXFileReference; fileEncoding = 4; lastKnownFileType = sourcecode.c.objc; path = DemoTableViewController.m; sourceTree = "<group>"; };
		E0C92F511EE07BB4004D7280 /* ETRTableViewTracker.h */ = {isa = PBXFileReference; fileEncoding = 4; lastKnownFileType = sourcecode.c.h; path = ETRTableViewTracker.h; sourceTree = SOURCE_ROOT; };
		E0C92F521EE07BB4004D7280 /* ETRTableViewTracker.m */ = {isa = PBXFileReference; fileEncoding = 4; lastKnownFileType = sourcecode.c.objc; path = ETRTableViewTracker.m; sourceTree = SOURCE_ROOT; };
		E0C92F571EE082EB004D7280 /* UITableView+ETRTracker.h */ = {isa = PBXFileReference; fileEncoding = 4; lastKnownFileType = sourcecode.c.h; path = "UITableView+ETRTracker.h"; sourceTree = SOURCE_ROOT; };
		E0C92F581EE082EB004D7280 /* UITableView+ETRTracker.m */ = {isa = PBXFileReference; fileEncoding = 4; lastKnownFileType = sourcecode.c.objc; path = "UITableView+ETRTracker.m"; sourceTree = SOURCE_ROOT; };
/* End PBXFileReference section */

/* Begin PBXFrameworksBuildPhase section */
		E0C92F301EE076BF004D7280 /* Frameworks */ = {
			isa = PBXFrameworksBuildPhase;
			buildActionMask = 2147483647;
			files = (
			);
			runOnlyForDeploymentPostprocessing = 0;
		};
/* End PBXFrameworksBuildPhase section */

/* Begin PBXGroup section */
		E0C92F2A1EE076BF004D7280 = {
			isa = PBXGroup;
			children = (
				E0C92F351EE076BF004D7280 /* EventTracker */,
				E0C92F341EE076BF004D7280 /* Products */,
				E0C92F3D1EE076BF004D7280 /* ViewController.m */,
			);
			sourceTree = "<group>";
		};
		E0C92F341EE076BF004D7280 /* Products */ = {
			isa = PBXGroup;
			children = (
				E0C92F331EE076BF004D7280 /* EventTracker.app */,
			);
			name = Products;
			sourceTree = "<group>";
		};
		E0C92F351EE076BF004D7280 /* EventTracker */ = {
			isa = PBXGroup;
			children = (
				E0C92F501EE07B5B004D7280 /* EventTracker */,
				E0C92F391EE076BF004D7280 /* AppDelegate.h */,
				E0C92F3A1EE076BF004D7280 /* AppDelegate.m */,
				E0C92F3C1EE076BF004D7280 /* ViewController.h */,
				E0C92F3F1EE076BF004D7280 /* Main.storyboard */,
				E0C92F421EE076BF004D7280 /* Assets.xcassets */,
				E0C92F441EE076BF004D7280 /* LaunchScreen.storyboard */,
				E0C92F471EE076BF004D7280 /* Info.plist */,
				E0C92F361EE076BF004D7280 /* Supporting Files */,
				E0C92F4D1EE07957004D7280 /* DemoTableViewController.h */,
				E0C92F4E1EE07957004D7280 /* DemoTableViewController.m */,
			);
			path = EventTracker;
			sourceTree = "<group>";
		};
		E0C92F361EE076BF004D7280 /* Supporting Files */ = {
			isa = PBXGroup;
			children = (
				E0C92F371EE076BF004D7280 /* main.m */,
			);
			name = "Supporting Files";
			sourceTree = "<group>";
		};
		E0C92F501EE07B5B004D7280 /* EventTracker */ = {
			isa = PBXGroup;
			children = (
				E0C92F511EE07BB4004D7280 /* ETRTableViewTracker.h */,
				E0C92F521EE07BB4004D7280 /* ETRTableViewTracker.m */,
				E0C92F571EE082EB004D7280 /* UITableView+ETRTracker.h */,
				E0C92F581EE082EB004D7280 /* UITableView+ETRTracker.m */,
				E0B9FF351EE26F1100DF5871 /* ETRTableViewFakeDelegate.h */,
				E0B9FF361EE26F1100DF5871 /* ETRTableViewFakeDelegate.m */,
			);
			name = EventTracker;
			sourceTree = "<group>";
		};
/* End PBXGroup section */

/* Begin PBXNativeTarget section */
		E0C92F321EE076BF004D7280 /* EventTracker */ = {
			isa = PBXNativeTarget;
			buildConfigurationList = E0C92F4A1EE076BF004D7280 /* Build configuration list for PBXNativeTarget "EventTracker" */;
			buildPhases = (
				E0C92F2F1EE076BF004D7280 /* Sources */,
				E0C92F301EE076BF004D7280 /* Frameworks */,
				E0C92F311EE076BF004D7280 /* Resources */,
			);
			buildRules = (
			);
			dependencies = (
			);
			name = EventTracker;
			productName = EventTracker;
			productReference = E0C92F331EE076BF004D7280 /* EventTracker.app */;
			productType = "com.apple.product-type.application";
		};
/* End PBXNativeTarget section */

/* Begin PBXProject section */
		E0C92F2B1EE076BF004D7280 /* Project object */ = {
			isa = PBXProject;
			attributes = {
				LastUpgradeCheck = 0830;
				ORGANIZATIONNAME = maize.com;
				TargetAttributes = {
					E0C92F321EE076BF004D7280 = {
						CreatedOnToolsVersion = 8.3.1;
						DevelopmentTeam = CDT7VGL9NH;
						ProvisioningStyle = Automatic;
					};
				};
			};
			buildConfigurationList = E0C92F2E1EE076BF004D7280 /* Build configuration list for PBXProject "EventTracker" */;
			compatibilityVersion = "Xcode 3.2";
			developmentRegion = English;
			hasScannedForEncodings = 0;
			knownRegions = (
				en,
				Base,
			);
			mainGroup = E0C92F2A1EE076BF004D7280;
			productRefGroup = E0C92F341EE076BF004D7280 /* Products */;
			projectDirPath = "";
			projectRoot = "";
			targets = (
				E0C92F321EE076BF004D7280 /* EventTracker */,
			);
		};
/* End PBXProject section */

/* Begin PBXResourcesBuildPhase section */
		E0C92F311EE076BF004D7280 /* Resources */ = {
			isa = PBXResourcesBuildPhase;
			buildActionMask = 2147483647;
			files = (
				E0C92F461EE076BF004D7280 /* LaunchScreen.storyboard in Resources */,
				E0C92F431EE076BF004D7280 /* Assets.xcassets in Resources */,
				E0C92F411EE076BF004D7280 /* Main.storyboard in Resources */,
			);
			runOnlyForDeploymentPostprocessing = 0;
		};
/* End PBXResourcesBuildPhase section */

/* Begin PBXSourcesBuildPhase section */
		E0C92F2F1EE076BF004D7280 /* Sources */ = {
			isa = PBXSourcesBuildPhase;
			buildActionMask = 2147483647;
			files = (
				E0C92F591EE082EB004D7280 /* UITableView+ETRTracker.m in Sources */,
				E0C92F4F1EE07957004D7280 /* DemoTableViewController.m in Sources */,
				E0C92F3E1EE076BF004D7280 /* ViewController.m in Sources */,
				E0B9FF371EE26F1100DF5871 /* ETRTableViewFakeDelegate.m in Sources */,
				E0C92F3B1EE076BF004D7280 /* AppDelegate.m in Sources */,
				E0C92F381EE076BF004D7280 /* main.m in Sources */,
				E0C92F531EE07BB4004D7280 /* ETRTableViewTracker.m in Sources */,
			);
			runOnlyForDeploymentPostprocessing = 0;
		};
/* End PBXSourcesBuildPhase section */

/* Begin PBXVariantGroup section */
		E0C92F3F1EE076BF004D7280 /* Main.storyboard */ = {
			isa = PBXVariantGroup;
			children = (
				E0C92F401EE076BF004D7280 /* Base */,
			);
			name = Main.storyboard;
			sourceTree = "<group>";
		};
		E0C92F441EE076BF004D7280 /* LaunchScreen.storyboard */ = {
			isa = PBXVariantGroup;
			children = (
				E0C92F451EE076BF004D7280 /* Base */,
			);
			name = LaunchScreen.storyboard;
			sourceTree = "<group>";
		};
/* End PBXVariantGroup section */

/* Begin XCBuildConfiguration section */
		E0C92F481EE076BF004D7280 /* Debug */ = {
			isa = XCBuildConfiguration;
			buildSettings = {
				ALWAYS_SEARCH_USER_PATHS = NO;
				CLANG_ANALYZER_NONNULL = YES;
				CLANG_ANALYZER_NUMBER_OBJECT_CONVERSION = YES_AGGRESSIVE;
				CLANG_CXX_LANGUAGE_STANDARD = "gnu++0x";
				CLANG_CXX_LIBRARY = "libc++";
				CLANG_ENABLE_MODULES = YES;
				CLANG_ENABLE_OBJC_ARC = YES;
				CLANG_WARN_BOOL_CONVERSION = YES;
				CLANG_WARN_CONSTANT_CONVERSION = YES;
				CLANG_WARN_DIRECT_OBJC_ISA_USAGE = YES_ERROR;
				CLANG_WARN_DOCUMENTATION_COMMENTS = YES;
				CLANG_WARN_EMPTY_BODY = YES;
				CLANG_WARN_ENUM_CONVERSION = YES;
				CLANG_WARN_INFINITE_RECURSION = YES;
				CLANG_WARN_INT_CONVERSION = YES;
				CLANG_WARN_OBJC_ROOT_CLASS = YES_ERROR;
				CLANG_WARN_SUSPICIOUS_MOVE = YES;
				CLANG_WARN_UNREACHABLE_CODE = YES;
				CLANG_WARN__DUPLICATE_METHOD_MATCH = YES;
				"CODE_SIGN_IDENTITY[sdk=iphoneos*]" = "iPhone Developer";
				COPY_PHASE_STRIP = NO;
				DEBUG_INFORMATION_FORMAT = dwarf;
				ENABLE_STRICT_OBJC_MSGSEND = YES;
				ENABLE_TESTABILITY = YES;
				GCC_C_LANGUAGE_STANDARD = gnu99;
				GCC_DYNAMIC_NO_PIC = NO;
				GCC_NO_COMMON_BLOCKS = YES;
				GCC_OPTIMIZATION_LEVEL = 0;
				GCC_PREPROCESSOR_DEFINITIONS = (
					"DEBUG=1",
					"$(inherited)",
				);
				GCC_WARN_64_TO_32_BIT_CONVERSION = YES;
				GCC_WARN_ABOUT_RETURN_TYPE = YES_ERROR;
				GCC_WARN_UNDECLARED_SELECTOR = YES;
				GCC_WARN_UNINITIALIZED_AUTOS = YES_AGGRESSIVE;
				GCC_WARN_UNUSED_FUNCTION = YES;
				GCC_WARN_UNUSED_VARIABLE = YES;
				IPHONEOS_DEPLOYMENT_TARGET = 10.3;
				MTL_ENABLE_DEBUG_INFO = YES;
				ONLY_ACTIVE_ARCH = YES;
				SDKROOT = iphoneos;
			};
			name = Debug;
		};
		E0C92F491EE076BF004D7280 /* Release */ = {
			isa = XCBuildConfiguration;
			buildSettings = {
				ALWAYS_SEARCH_USER_PATHS = NO;
				CLANG_ANALYZER_NONNULL = YES;
				CLANG_ANALYZER_NUMBER_OBJECT_CONVERSION = YES_AGGRESSIVE;
				CLANG_CXX_LANGUAGE_STANDARD = "gnu++0x";
				CLANG_CXX_LIBRARY = "libc++";
				CLANG_ENABLE_MODULES = YES;
				CLANG_ENABLE_OBJC_ARC = YES;
				CLANG_WARN_BOOL_CONVERSION = YES;
				CLANG_WARN_CONSTANT_CONVERSION = YES;
				CLANG_WARN_DIRECT_OBJC_ISA_USAGE = YES_ERROR;
				CLANG_WARN_DOCUMENTATION_COMMENTS = YES;
				CLANG_WARN_EMPTY_BODY = YES;
				CLANG_WARN_ENUM_CONVERSION = YES;
				CLANG_WARN_INFINITE_RECURSION = YES;
				CLANG_WARN_INT_CONVERSION = YES;
				CLANG_WARN_OBJC_ROOT_CLASS = YES_ERROR;
				CLANG_WARN_SUSPICIOUS_MOVE = YES;
				CLANG_WARN_UNREACHABLE_CODE = YES;
				CLANG_WARN__DUPLICATE_METHOD_MATCH = YES;
				"CODE_SIGN_IDENTITY[sdk=iphoneos*]" = "iPhone Developer";
				COPY_PHASE_STRIP = NO;
				DEBUG_INFORMATION_FORMAT = "dwarf-with-dsym";
				ENABLE_NS_ASSERTIONS = NO;
				ENABLE_STRICT_OBJC_MSGSEND = YES;
				GCC_C_LANGUAGE_STANDARD = gnu99;
				GCC_NO_COMMON_BLOCKS = YES;
				GCC_WARN_64_TO_32_BIT_CONVERSION = YES;
				GCC_WARN_ABOUT_RETURN_TYPE = YES_ERROR;
				GCC_WARN_UNDECLARED_SELECTOR = YES;
				GCC_WARN_UNINITIALIZED_AUTOS = YES_AGGRESSIVE;
				GCC_WARN_UNUSED_FUNCTION = YES;
				GCC_WARN_UNUSED_VARIABLE = YES;
				IPHONEOS_DEPLOYMENT_TARGET = 10.3;
				MTL_ENABLE_DEBUG_INFO = NO;
				SDKROOT = iphoneos;
				VALIDATE_PRODUCT = YES;
			};
			name = Release;
		};
		E0C92F4B1EE076BF004D7280 /* Debug */ = {
			isa = XCBuildConfiguration;
			buildSettings = {
				ASSETCATALOG_COMPILER_APPICON_NAME = AppIcon;
				DEVELOPMENT_TEAM = CDT7VGL9NH;
				INFOPLIST_FILE = EventTracker/Info.plist;
				LD_RUNPATH_SEARCH_PATHS = "$(inherited) @executable_path/Frameworks";
				PRODUCT_BUNDLE_IDENTIFIER = com.maize.EventTracker;
				PRODUCT_NAME = "$(TARGET_NAME)";
			};
			name = Debug;
		};
		E0C92F4C1EE076BF004D7280 /* Release */ = {
			isa = XCBuildConfiguration;
			buildSettings = {
				ASSETCATALOG_COMPILER_APPICON_NAME = AppIcon;
				DEVELOPMENT_TEAM = CDT7VGL9NH;
				INFOPLIST_FILE = EventTracker/Info.plist;
				LD_RUNPATH_SEARCH_PATHS = "$(inherited) @executable_path/Frameworks";
				PRODUCT_BUNDLE_IDENTIFIER = com.maize.EventTracker;
				PRODUCT_NAME = "$(TARGET_NAME)";
			};
			name = Release;
		};
/* End XCBuildConfiguration section */

/* Begin XCConfigurationList section */
		E0C92F2E1EE076BF004D7280 /* Build configuration list for PBXProject "EventTracker" */ = {
			isa = XCConfigurationList;
			buildConfigurations = (
				E0C92F481EE076BF004D7280 /* Debug */,
				E0C92F491EE076BF004D7280 /* Release */,
			);
			defaultConfigurationIsVisible = 0;
			defaultConfigurationName = Release;
		};
		E0C92F4A1EE076BF004D7280 /* Build configuration list for PBXNativeTarget "EventTracker" */ = {
			isa = XCConfigurationList;
			buildConfigurations = (
				E0C92F4B1EE076BF004D7280 /* Debug */,
				E0C92F4C1EE076BF004D7280 /* Release */,
			);
			defaultConfigurationIsVisible = 0;
			defaultConfigurationName = Release;
		};
/* End XCConfigurationList section */
	};
	rootObject = E0C92F2B1EE076BF004D7280 /* Project object */;
}
